// !$*UTF8*$!
{
	archiveVersion = 1;
	classes = {
	};
	objectVersion = 55;
	objects = {

/* Begin PBXBuildFile section */
		08B48BF928C430B100FB0FFA /* AirNiuginiFleetInfoApp.swift in Sources */ = {isa = PBXBuildFile; fileRef = 08B48BF828C430B100FB0FFA /* AirNiuginiFleetInfoApp.swift */; };
		08B48BFB28C430B100FB0FFA /* MainView.swift in Sources */ = {isa = PBXBuildFile; fileRef = 08B48BFA28C430B100FB0FFA /* MainView.swift */; };
		08B48BFD28C430B500FB0FFA /* Assets.xcassets in Resources */ = {isa = PBXBuildFile; fileRef = 08B48BFC28C430B500FB0FFA /* Assets.xcassets */; };
		08B48C0028C430B500FB0FFA /* Preview Assets.xcassets in Resources */ = {isa = PBXBuildFile; fileRef = 08B48BFF28C430B500FB0FFA /* Preview Assets.xcassets */; };
		08B48C0828C430E300FB0FFA /* FleetInfo.swift in Sources */ = {isa = PBXBuildFile; fileRef = 08B48C0728C430E300FB0FFA /* FleetInfo.swift */; };
		CE675D8428CABAFA00BE5DA6 /* DetailView.swift in Sources */ = {isa = PBXBuildFile; fileRef = CE675D8328CABAFA00BE5DA6 /* DetailView.swift */; };
/* End PBXBuildFile section */

/* Begin PBXFileReference section */
		08B48BF528C430B100FB0FFA /* AirNiuginiFleetInfo.app */ = {isa = PBXFileReference; explicitFileType = wrapper.application; includeInIndex = 0; path = AirNiuginiFleetInfo.app; sourceTree = BUILT_PRODUCTS_DIR; };
		08B48BF828C430B100FB0FFA /* AirNiuginiFleetInfoApp.swift */ = {isa = PBXFileReference; lastKnownFileType = sourcecode.swift; path = AirNiuginiFleetInfoApp.swift; sourceTree = "<group>"; };
		08B48BFA28C430B100FB0FFA /* MainView.swift */ = {isa = PBXFileReference; lastKnownFileType = sourcecode.swift; path = MainView.swift; sourceTree = "<group>"; };
		08B48BFC28C430B500FB0FFA /* Assets.xcassets */ = {isa = PBXFileReference; lastKnownFileType = folder.assetcatalog; path = Assets.xcassets; sourceTree = "<group>"; };
		08B48BFF28C430B500FB0FFA /* Preview Assets.xcassets */ = {isa = PBXFileReference; lastKnownFileType = folder.assetcatalog; path = "Preview Assets.xcassets"; sourceTree = "<group>"; };
		08B48C0728C430E300FB0FFA /* FleetInfo.swift */ = {isa = PBXFileReference; lastKnownFileType = sourcecode.swift; path = FleetInfo.swift; sourceTree = "<group>"; };
		CE675D8328CABAFA00BE5DA6 /* DetailView.swift */ = {isa = PBXFileReference; lastKnownFileType = sourcecode.swift; path = DetailView.swift; sourceTree = "<group>"; };
/* End PBXFileReference section */

/* Begin PBXFrameworksBuildPhase section */
		08B48BF228C430B100FB0FFA /* Frameworks */ = {
			isa = PBXFrameworksBuildPhase;
			buildActionMask = 2147483647;
			files = (
			);
			runOnlyForDeploymentPostprocessing = 0;
		};
/* End PBXFrameworksBuildPhase section */

/* Begin PBXGroup section */
		08B48BEC28C430B100FB0FFA = {
			isa = PBXGroup;
			children = (
				08B48BF728C430B100FB0FFA /* AirNiuginiFleetInfo */,
				08B48BF628C430B100FB0FFA /* Products */,
			);
			sourceTree = "<group>";
		};
		08B48BF628C430B100FB0FFA /* Products */ = {
			isa = PBXGroup;
			children = (
				08B48BF528C430B100FB0FFA /* AirNiuginiFleetInfo.app */,
			);
			name = Products;
			sourceTree = "<group>";
		};
		08B48BF728C430B100FB0FFA /* AirNiuginiFleetInfo */ = {
			isa = PBXGroup;
			children = (
				08B48C0628C430C400FB0FFA /* Model */,
				08B48BF828C430B100FB0FFA /* AirNiuginiFleetInfoApp.swift */,
				08B48BFA28C430B100FB0FFA /* MainView.swift */,
				CE675D8328CABAFA00BE5DA6 /* DetailView.swift */,
				08B48BFC28C430B500FB0FFA /* Assets.xcassets */,
				08B48BFE28C430B500FB0FFA /* Preview Content */,
			);
			path = AirNiuginiFleetInfo;
			sourceTree = "<group>";
		};
		08B48BFE28C430B500FB0FFA /* Preview Content */ = {
			isa = PBXGroup;
			children = (
				08B48BFF28C430B500FB0FFA /* Preview Assets.xcassets */,
			);
			path = "Preview Content";
			sourceTree = "<group>";
		};
		08B48C0628C430C400FB0FFA /* Model */ = {
			isa = PBXGroup;
			children = (
				08B48C0728C430E300FB0FFA /* FleetInfo.swift */,
			);
			path = Model;
			sourceTree = "<group>";
		};
/* End PBXGroup section */

/* Begin PBXNativeTarget section */
		08B48BF428C430B100FB0FFA /* AirNiuginiFleetInfo */ = {
			isa = PBXNativeTarget;
			buildConfigurationList = 08B48C0328C430B500FB0FFA /* Build configuration list for PBXNativeTarget "AirNiuginiFleetInfo" */;
			buildPhases = (
				08B48BF128C430B100FB0FFA /* Sources */,
				08B48BF228C430B100FB0FFA /* Frameworks */,
				08B48BF328C430B100FB0FFA /* Resources */,
			);
			buildRules = (
			);
			dependencies = (
			);
			name = AirNiuginiFleetInfo;
			productName = AirNiuginiFleetInfo;
			productReference = 08B48BF528C430B100FB0FFA /* AirNiuginiFleetInfo.app */;
			productType = "com.apple.product-type.application";
		};
/* End PBXNativeTarget section */

/* Begin PBXProject section */
		08B48BED28C430B100FB0FFA /* Project object */ = {
			isa = PBXProject;
			attributes = {
				BuildIndependentTargetsInParallel = 1;
				LastSwiftUpdateCheck = 1340;
				LastUpgradeCheck = 1340;
				TargetAttributes = {
					08B48BF428C430B100FB0FFA = {
						CreatedOnToolsVersion = 13.4.1;
					};
				};
			};
			buildConfigurationList = 08B48BF028C430B100FB0FFA /* Build configuration list for PBXProject "AirNiuginiFleetInfo" */;
			compatibilityVersion = "Xcode 13.0";
			developmentRegion = en;
			hasScannedForEncodings = 0;
			knownRegions = (
				en,
				Base,
			);
			mainGroup = 08B48BEC28C430B100FB0FFA;
			productRefGroup = 08B48BF628C430B100FB0FFA /* Products */;
			projectDirPath = "";
			projectRoot = "";
			targets = (
				08B48BF428C430B100FB0FFA /* AirNiuginiFleetInfo */,
			);
		};
/* End PBXProject section */

/* Begin PBXResourcesBuildPhase section */
		08B48BF328C430B100FB0FFA /* Resources */ = {
			isa = PBXResourcesBuildPhase;
			buildActionMask = 2147483647;
			files = (
				08B48C0028C430B500FB0FFA /* Preview Assets.xcassets in Resources */,
				08B48BFD28C430B500FB0FFA /* Assets.xcassets in Resources */,
			);
			runOnlyForDeploymentPostprocessing = 0;
		};
/* End PBXResourcesBuildPhase section */

/* Begin PBXSourcesBuildPhase section */
		08B48BF128C430B100FB0FFA /* Sources */ = {
			isa = PBXSourcesBuildPhase;
			buildActionMask = 2147483647;
			files = (
				08B48BFB28C430B100FB0FFA /* MainView.swift in Sources */,
				08B48C0828C430E300FB0FFA /* FleetInfo.swift in Sources */,
				08B48BF928C430B100FB0FFA /* AirNiuginiFleetInfoApp.swift in Sources */,
				CE675D8428CABAFA00BE5DA6 /* DetailView.swift in Sources */,
			);
			runOnlyForDeploymentPostprocessing = 0;
		};
/* End PBXSourcesBuildPhase section */

/* Begin XCBuildConfiguration section */
		08B48C0128C430B500FB0FFA /* Debug */ = {
			isa = XCBuildConfiguration;
			buildSettings = {
				ALWAYS_SEARCH_USER_PATHS = NO;
				CLANG_ANALYZER_NONNULL = YES;
				CLANG_ANALYZER_NUMBER_OBJECT_CONVERSION = YES_AGGRESSIVE;
				CLANG_CXX_LANGUAGE_STANDARD = "gnu++17";
				CLANG_ENABLE_MODULES = YES;
				CLANG_ENABLE_OBJC_ARC = YES;
				CLANG_ENABLE_OBJC_WEAK = YES;
				CLANG_WARN_BLOCK_CAPTURE_AUTORELEASING = YES;
				CLANG_WARN_BOOL_CONVERSION = YES;
				CLANG_WARN_COMMA = YES;
				CLANG_WARN_CONSTANT_CONVERSION = YES;
				CLANG_WARN_DEPRECATED_OBJC_IMPLEMENTATIONS = YES;
				CLANG_WARN_DIRECT_OBJC_ISA_USAGE = YES_ERROR;
				CLANG_WARN_DOCUMENTATION_COMMENTS = YES;
				CLANG_WARN_EMPTY_BODY = YES;
				CLANG_WARN_ENUM_CONVERSION = YES;
				CLANG_WARN_INFINITE_RECURSION = YES;
				CLANG_WARN_INT_CONVERSION = YES;
				CLANG_WARN_NON_LITERAL_NULL_CONVERSION = YES;
				CLANG_WARN_OBJC_IMPLICIT_RETAIN_SELF = YES;
				CLANG_WARN_OBJC_LITERAL_CONVERSION = YES;
				CLANG_WARN_OBJC_ROOT_CLASS = YES_ERROR;
				CLANG_WARN_QUOTED_INCLUDE_IN_FRAMEWORK_HEADER = YES;
				CLANG_WARN_RANGE_LOOP_ANALYSIS = YES;
				CLANG_WARN_STRICT_PROTOTYPES = YES;
				CLANG_WARN_SUSPICIOUS_MOVE = YES;
				CLANG_WARN_UNGUARDED_AVAILABILITY = YES_AGGRESSIVE;
				CLANG_WARN_UNREACHABLE_CODE = YES;
				CLANG_WARN__DUPLICATE_METHOD_MATCH = YES;
				COPY_PHASE_STRIP = NO;
				DEBUG_INFORMATION_FORMAT = dwarf;
				ENABLE_STRICT_OBJC_MSGSEND = YES;
				ENABLE_TESTABILITY = YES;
				GCC_C_LANGUAGE_STANDARD = gnu11;
				GCC_DYNAMIC_NO_PIC = NO;
				GCC_NO_COMMON_BLOCKS = YES;
				GCC_OPTIMIZATION_LEVEL = 0;
				GCC_PREPROCESSOR_DEFINITIONS = (
					"DEBUG=1",
					"$(inherited)",
				);
				GCC_WARN_64_TO_32_BIT_CONVERSION = YES;
				GCC_WARN_ABOUT_RETURN_TYPE = YES_ERROR;
				GCC_WARN_UNDECLARED_SELECTOR = YES;
				GCC_WARN_UNINITIALIZED_AUTOS = YES_AGGRESSIVE;
				GCC_WARN_UNUSED_FUNCTION = YES;
				GCC_WARN_UNUSED_VARIABLE = YES;
				IPHONEOS_DEPLOYMENT_TARGET = 15.5;
				MTL_ENABLE_DEBUG_INFO = INCLUDE_SOURCE;
				MTL_FAST_MATH = YES;
				ONLY_ACTIVE_ARCH = YES;
				SDKROOT = iphoneos;
				SWIFT_ACTIVE_COMPILATION_CONDITIONS = DEBUG;
				SWIFT_OPTIMIZATION_LEVEL = "-Onone";
			};
			name = Debug;
		};
		08B48C0228C430B500FB0FFA /* Release */ = {
			isa = XCBuildConfiguration;
			buildSettings = {
				ALWAYS_SEARCH_USER_PATHS = NO;
				CLANG_ANALYZER_NONNULL = YES;
				CLANG_ANALYZER_NUMBER_OBJECT_CONVERSION = YES_AGGRESSIVE;
				CLANG_CXX_LANGUAGE_STANDARD = "gnu++17";
				CLANG_ENABLE_MODULES = YES;
				CLANG_ENABLE_OBJC_ARC = YES;
				CLANG_ENABLE_OBJC_WEAK = YES;
				CLANG_WARN_BLOCK_CAPTURE_AUTORELEASING = YES;
				CLANG_WARN_BOOL_CONVERSION = YES;
				CLANG_WARN_COMMA = YES;
				CLANG_WARN_CONSTANT_CONVERSION = YES;
				CLANG_WARN_DEPRECATED_OBJC_IMPLEMENTATIONS = YES;
				CLANG_WARN_DIRECT_OBJC_ISA_USAGE = YES_ERROR;
				CLANG_WARN_DOCUMENTATION_COMMENTS = YES;
				CLANG_WARN_EMPTY_BODY = YES;
				CLANG_WARN_ENUM_CONVERSION = YES;
				CLANG_WARN_INFINITE_RECURSION = YES;
				CLANG_WARN_INT_CONVERSION = YES;
				CLANG_WARN_NON_LITERAL_NULL_CONVERSION = YES;
				CLANG_WARN_OBJC_IMPLICIT_RETAIN_SELF = YES;
				CLANG_WARN_OBJC_LITERAL_CONVERSION = YES;
				CLANG_WARN_OBJC_ROOT_CLASS = YES_ERROR;
				CLANG_WARN_QUOTED_INCLUDE_IN_FRAMEWORK_HEADER = YES;
				CLANG_WARN_RANGE_LOOP_ANALYSIS = YES;
				CLANG_WARN_STRICT_PROTOTYPES = YES;
				CLANG_WARN_SUSPICIOUS_MOVE = YES;
				CLANG_WARN_UNGUARDED_AVAILABILITY = YES_AGGRESSIVE;
				CLANG_WARN_UNREACHABLE_CODE = YES;
				CLANG_WARN__DUPLICATE_METHOD_MATCH = YES;
				COPY_PHASE_STRIP = NO;
				DEBUG_INFORMATION_FORMAT = "dwarf-with-dsym";
				ENABLE_NS_ASSERTIONS = NO;
				ENABLE_STRICT_OBJC_MSGSEND = YES;
				GCC_C_LANGUAGE_STANDARD = gnu11;
				GCC_NO_COMMON_BLOCKS = YES;
				GCC_WARN_64_TO_32_BIT_CONVERSION = YES;
				GCC_WARN_ABOUT_RETURN_TYPE = YES_ERROR;
				GCC_WARN_UNDECLARED_SELECTOR = YES;
				GCC_WARN_UNINITIALIZED_AUTOS = YES_AGGRESSIVE;
				GCC_WARN_UNUSED_FUNCTION = YES;
				GCC_WARN_UNUSED_VARIABLE = YES;
				IPHONEOS_DEPLOYMENT_TARGET = 15.5;
				MTL_ENABLE_DEBUG_INFO = NO;
				MTL_FAST_MATH = YES;
				SDKROOT = iphoneos;
				SWIFT_COMPILATION_MODE = wholemodule;
				SWIFT_OPTIMIZATION_LEVEL = "-O";
				VALIDATE_PRODUCT = YES;
			};
			name = Release;
		};
		08B48C0428C430B500FB0FFA /* Debug */ = {
			isa = XCBuildConfiguration;
			buildSettings = {
				ASSETCATALOG_COMPILER_APPICON_NAME = AppIcon;
				ASSETCATALOG_COMPILER_GLOBAL_ACCENT_COLOR_NAME = AccentColor;
				CODE_SIGN_STYLE = Automatic;
				CURRENT_PROJECT_VERSION = 1;
				DEVELOPMENT_ASSET_PATHS = "\"AirNiuginiFleetInfo/Preview Content\"";
				DEVELOPMENT_TEAM = C4L9JHD44A;
				ENABLE_PREVIEWS = YES;
				GENERATE_INFOPLIST_FILE = YES;
				INFOPLIST_KEY_UIApplicationSceneManifest_Generation = YES;
				INFOPLIST_KEY_UIApplicationSupportsIndirectInputEvents = YES;
				INFOPLIST_KEY_UILaunchScreen_Generation = YES;
				INFOPLIST_KEY_UISupportedInterfaceOrientations_iPad = "UIInterfaceOrientationPortrait UIInterfaceOrientationPortraitUpsideDown UIInterfaceOrientationLandscapeLeft UIInterfaceOrientationLandscapeRight";
				INFOPLIST_KEY_UISupportedInterfaceOrientations_iPhone = "UIInterfaceOrientationPortrait UIInterfaceOrientationLandscapeLeft UIInterfaceOrientationLandscapeRight";
				LD_RUNPATH_SEARCH_PATHS = (
					"$(inherited)",
					"@executable_path/Frameworks",
				);
				MARKETING_VERSION = 1.0;
				PRODUCT_BUNDLE_IDENTIFIER = com.skycruzer.AirNiuginiFleetInfo;
				PRODUCT_NAME = "$(TARGET_NAME)";
				SWIFT_EMIT_LOC_STRINGS = YES;
				SWIFT_VERSION = 5.0;
				TARGETED_DEVICE_FAMILY = "1,2";
			};
			name = Debug;
		};
		08B48C0528C430B500FB0FFA /* Release */ = {
			isa = XCBuildConfiguration;
			buildSettings = {
				ASSETCATALOG_COMPILER_APPICON_NAME = AppIcon;
				ASSETCATALOG_COMPILER_GLOBAL_ACCENT_COLOR_NAME = AccentColor;
				CODE_SIGN_STYLE = Automatic;
				CURRENT_PROJECT_VERSION = 1;
				DEVELOPMENT_ASSET_PATHS = "\"AirNiuginiFleetInfo/Preview Content\"";
				DEVELOPMENT_TEAM = C4L9JHD44A;
				ENABLE_PREVIEWS = YES;
				GENERATE_INFOPLIST_FILE = YES;
				INFOPLIST_KEY_UIApplicationSceneManifest_Generation = YES;
				INFOPLIST_KEY_UIApplicationSupportsIndirectInputEvents = YES;
				INFOPLIST_KEY_UILaunchScreen_Generation = YES;
				INFOPLIST_KEY_UISupportedInterfaceOrientations_iPad = "UIInterfaceOrientationPortrait UIInterfaceOrientationPortraitUpsideDown UIInterfaceOrientationLandscapeLeft UIInterfaceOrientationLandscapeRight";
				INFOPLIST_KEY_UISupportedInterfaceOrientations_iPhone = "UIInterfaceOrientationPortrait UIInterfaceOrientationLandscapeLeft UIInterfaceOrientationLandscapeRight";
				LD_RUNPATH_SEARCH_PATHS = (
					"$(inherited)",
					"@executable_path/Frameworks",
				);
				MARKETING_VERSION = 1.0;
				PRODUCT_BUNDLE_IDENTIFIER = com.skycruzer.AirNiuginiFleetInfo;
				PRODUCT_NAME = "$(TARGET_NAME)";
				SWIFT_EMIT_LOC_STRINGS = YES;
				SWIFT_VERSION = 5.0;
				TARGETED_DEVICE_FAMILY = "1,2";
			};
			name = Release;
		};
/* End XCBuildConfiguration section */

/* Begin XCConfigurationList section */
		08B48BF028C430B100FB0FFA /* Build configuration list for PBXProject "AirNiuginiFleetInfo" */ = {
			isa = XCConfigurationList;
			buildConfigurations = (
				08B48C0128C430B500FB0FFA /* Debug */,
				08B48C0228C430B500FB0FFA /* Release */,
			);
			defaultConfigurationIsVisible = 0;
			defaultConfigurationName = Release;
		};
		08B48C0328C430B500FB0FFA /* Build configuration list for PBXNativeTarget "AirNiuginiFleetInfo" */ = {
			isa = XCConfigurationList;
			buildConfigurations = (
				08B48C0428C430B500FB0FFA /* Debug */,
				08B48C0528C430B500FB0FFA /* Release */,
			);
			defaultConfigurationIsVisible = 0;
			defaultConfigurationName = Release;
		};
/* End XCConfigurationList section */
	};
	rootObject = 08B48BED28C430B100FB0FFA /* Project object */;
}
